{
  "requires": true,
  "lockfileVersion": 1,
  "dependencies": {
    "fibers": {
      "version": "3.0.0",
      "resolved": "https://registry.npmjs.org/fibers/-/fibers-3.0.0.tgz",
      "integrity": "sha512-cAcOHOTbTMlcpNZvr94BNFsnBDBiEu9JP5MYcRLyl12HF/X0z3KvZyNzU9+BtI8lOIaV84PlDQJOKK3f5llJug=="
    },
    "readline": {
      "version": "1.3.0",
      "resolved": "https://registry.npmjs.org/readline/-/readline-1.3.0.tgz",
      "integrity": "sha1-xYDXfvLPyHUrEySYBg3JeTp6wBw="
    },
    "readline-sync": {
      "version": "1.4.9",
      "resolved": "https://registry.npmjs.org/readline-sync/-/readline-sync-1.4.9.tgz",
      "integrity": "sha1-PtqOZfI80qF+YTAbHwADOWr17No="
    },
    "sync": {
      "version": "0.2.5",
      "resolved": "https://registry.npmjs.org/sync/-/sync-0.2.5.tgz",
      "integrity": "sha1-ORC7m2ar7lZULi5w8M5UkDElLfY=",
      "requires": {
        "fibers": ">=0.6"
      }
    }
  }
}
